Microsoft Visual Studio Solution File, Format Version 11.00
# Visual Studio 2010
Project("{8BC9CEB8-8B4A-11D0-8D11-00A0C91BC942}") = "libCbc", "libCbc.vcxproj", "{E8A3CFD2-98B5-4CDB-95AA-357D28415482}"
EndProject
Project("{8BC9CEB8-8B4A-11D0-8D11-00A0C91BC942}") = "libCbcSolver", "libCbcSolver.vcxproj", "{B4B52AE3-E01F-4B47-9462-331729A5AEBC}"
EndProject
Project("{8BC9CEB8-8B4A-11D0-8D11-00A0C91BC942}") = "Cbc", "Cbc.vcxproj", "{DE0E7586-DC53-4FF2-99E8-C496B9A8216E}"
EndProject
Project("{8BC9CEB8-8B4A-11D0-8D11-00A0C91BC942}") = "libOsiCbc", "libOsiCbc.vcxproj", "{9E6C19F9-5F66-40AF-98E3-45A954AAF78F}"
EndProject
Project("{8BC9CEB8-8B4A-11D0-8D11-00A0C91BC942}") = "OsiCbcUnitTest", "OsiCbcUnitTest.vcxproj", "{C765CD15-336B-49D9-A1D4-564D7CDB5130}"
EndProject
Global
	GlobalSection(SolutionConfigurationPlatforms) = preSolution
		Debug|Win32 = Debug|Win32
		Debug|x64 = Debug|x64
		DebugDLL|Win32 = DebugDLL|Win32
		DebugDLL|x64 = DebugDLL|x64
		Release|Win32 = Release|Win32
		Release|x64 = Release|x64
	EndGlobalSection
	GlobalSection(ProjectConfigurationPlatforms) = postSolution
		{E8A3CFD2-98B5-4CDB-95AA-357D28415482}.Debug|Win32.ActiveCfg = Debug|Win32
		{E8A3CFD2-98B5-4CDB-95AA-357D28415482}.Debug|Win32.Build.0 = Debug|Win32
		{E8A3CFD2-98B5-4CDB-95AA-357D28415482}.Debug|x64.ActiveCfg = Debug|x64
		{E8A3CFD2-98B5-4CDB-95AA-357D28415482}.Debug|x64.Build.0 = Debug|x64
		{E8A3CFD2-98B5-4CDB-95AA-357D28415482}.DebugDLL|Win32.ActiveCfg = DebugDLL|Win32
		{E8A3CFD2-98B5-4CDB-95AA-357D28415482}.DebugDLL|Win32.Build.0 = DebugDLL|Win32
		{E8A3CFD2-98B5-4CDB-95AA-357D28415482}.DebugDLL|x64.ActiveCfg = DebugDLL|x64
		{E8A3CFD2-98B5-4CDB-95AA-357D28415482}.DebugDLL|x64.Build.0 = DebugDLL|x64
		{E8A3CFD2-98B5-4CDB-95AA-357D28415482}.Release|Win32.ActiveCfg = Release|Win32
		{E8A3CFD2-98B5-4CDB-95AA-357D28415482}.Release|Win32.Build.0 = Release|Win32
		{E8A3CFD2-98B5-4CDB-95AA-357D28415482}.Release|x64.ActiveCfg = Release|x64
		{E8A3CFD2-98B5-4CDB-95AA-357D28415482}.Release|x64.Build.0 = Release|x64
		{B4B52AE3-E01F-4B47-9462-331729A5AEBC}.Debug|Win32.ActiveCfg = Debug|Win32
		{B4B52AE3-E01F-4B47-9462-331729A5AEBC}.Debug|Win32.Build.0 = Debug|Win32
		{B4B52AE3-E01F-4B47-9462-331729A5AEBC}.Debug|x64.ActiveCfg = Debug|x64
		{B4B52AE3-E01F-4B47-9462-331729A5AEBC}.Debug|x64.Build.0 = Debug|x64
		{B4B52AE3-E01F-4B47-9462-331729A5AEBC}.DebugDLL|Win32.ActiveCfg = DebugDLL|Win32
		{B4B52AE3-E01F-4B47-9462-331729A5AEBC}.DebugDLL|Win32.Build.0 = DebugDLL|Win32
		{B4B52AE3-E01F-4B47-9462-331729A5AEBC}.DebugDLL|x64.ActiveCfg = DebugDLL|x64
		{B4B52AE3-E01F-4B47-9462-331729A5AEBC}.DebugDLL|x64.Build.0 = DebugDLL|x64
		{B4B52AE3-E01F-4B47-9462-331729A5AEBC}.Release|Win32.ActiveCfg = Release|Win32
		{B4B52AE3-E01F-4B47-9462-331729A5AEBC}.Release|Win32.Build.0 = Release|Win32
		{B4B52AE3-E01F-4B47-9462-331729A5AEBC}.Release|x64.ActiveCfg = Release|x64
		{B4B52AE3-E01F-4B47-9462-331729A5AEBC}.Release|x64.Build.0 = Release|x64
		{DE0E7586-DC53-4FF2-99E8-C496B9A8216E}.Debug|Win32.ActiveCfg = Debug|Win32
		{DE0E7586-DC53-4FF2-99E8-C496B9A8216E}.Debug|Win32.Build.0 = Debug|Win32
		{DE0E7586-DC53-4FF2-99E8-C496B9A8216E}.Debug|x64.ActiveCfg = Debug|x64
		{DE0E7586-DC53-4FF2-99E8-C496B9A8216E}.Debug|x64.Build.0 = Debug|x64
		{DE0E7586-DC53-4FF2-99E8-C496B9A8216E}.DebugDLL|Win32.ActiveCfg = DebugDLL|Win32
		{DE0E7586-DC53-4FF2-99E8-C496B9A8216E}.DebugDLL|Win32.Build.0 = DebugDLL|Win32
		{DE0E7586-DC53-4FF2-99E8-C496B9A8216E}.DebugDLL|x64.ActiveCfg = DebugDLL|x64
		{DE0E7586-DC53-4FF2-99E8-C496B9A8216E}.DebugDLL|x64.Build.0 = DebugDLL|x64
		{DE0E7586-DC53-4FF2-99E8-C496B9A8216E}.Release|Win32.ActiveCfg = Release|Win32
		{DE0E7586-DC53-4FF2-99E8-C496B9A8216E}.Release|Win32.Build.0 = Release|Win32
		{DE0E7586-DC53-4FF2-99E8-C496B9A8216E}.Release|x64.ActiveCfg = Release|x64
		{DE0E7586-DC53-4FF2-99E8-C496B9A8216E}.Release|x64.Build.0 = Release|x64
		{9E6C19F9-5F66-40AF-98E3-45A954AAF78F}.Debug|Win32.ActiveCfg = Debug|Win32
		{9E6C19F9-5F66-40AF-98E3-45A954AAF78F}.Debug|Win32.Build.0 = Debug|Win32
		{9E6C19F9-5F66-40AF-98E3-45A954AAF78F}.Debug|x64.ActiveCfg = Debug|x64
		{9E6C19F9-5F66-40AF-98E3-45A954AAF78F}.Debug|x64.Build.0 = Debug|x64
		{9E6C19F9-5F66-40AF-98E3-45A954AAF78F}.DebugDLL|Win32.ActiveCfg = DebugDLL|Win32
		{9E6C19F9-5F66-40AF-98E3-45A954AAF78F}.DebugDLL|Win32.Build.0 = DebugDLL|Win32
		{9E6C19F9-5F66-40AF-98E3-45A954AAF78F}.DebugDLL|x64.ActiveCfg = DebugDLL|x64
		{9E6C19F9-5F66-40AF-98E3-45A954AAF78F}.DebugDLL|x64.Build.0 = DebugDLL|x64
		{9E6C19F9-5F66-40AF-98E3-45A954AAF78F}.Release|Win32.ActiveCfg = Release|Win32
		{9E6C19F9-5F66-40AF-98E3-45A954AAF78F}.Release|Win32.Build.0 = Release|Win32
		{9E6C19F9-5F66-40AF-98E3-45A954AAF78F}.Release|x64.ActiveCfg = Release|x64
		{9E6C19F9-5F66-40AF-98E3-45A954AAF78F}.Release|x64.Build.0 = Release|x64
		{C765CD15-336B-49D9-A1D4-564D7CDB5130}.Debug|Win32.ActiveCfg = Debug|Win32
		{C765CD15-336B-49D9-A1D4-564D7CDB5130}.Debug|Win32.Build.0 = Debug|Win32
		{C765CD15-336B-49D9-A1D4-564D7CDB5130}.Debug|x64.ActiveCfg = Debug|x64
		{C765CD15-336B-49D9-A1D4-564D7CDB5130}.Debug|x64.Build.0 = Debug|x64
		{C765CD15-336B-49D9-A1D4-564D7CDB5130}.DebugDLL|Win32.ActiveCfg = DebugDLL|Win32
		{C765CD15-336B-49D9-A1D4-564D7CDB5130}.DebugDLL|Win32.Build.0 = DebugDLL|Win32
		{C765CD15-336B-49D9-A1D4-564D7CDB5130}.DebugDLL|x64.ActiveCfg = DebugDLL|x64
		{C765CD15-336B-49D9-A1D4-564D7CDB5130}.DebugDLL|x64.Build.0 = DebugDLL|x64
		{C765CD15-336B-49D9-A1D4-564D7CDB5130}.Release|Win32.ActiveCfg = Release|Win32
		{C765CD15-336B-49D9-A1D4-564D7CDB5130}.Release|Win32.Build.0 = Release|Win32
		{C765CD15-336B-49D9-A1D4-564D7CDB5130}.Release|x64.ActiveCfg = Release|x64
		{C765CD15-336B-49D9-A1D4-564D7CDB5130}.Release|x64.Build.0 = Release|x64
	EndGlobalSection
	GlobalSection(SolutionProperties) = preSolution
		HideSolutionNode = FALSE
	EndGlobalSection
EndGlobal
